// !$*UTF8*$!
{
	archiveVersion = 1;
	classes = {
	};
	objectVersion = 77;
	objects = {

/* Begin PBXBuildFile section */
		8614F8522F744A3B00ECF6D7 /* AppDelegate.swift in Sources */ = {isa = PBXBuildFile; fileRef = 8614F8512F744A3B00ECF6D7 /* AppDelegate.swift */; };
		8614F8562F744A3B00ECF6D7 /* Main.html in Resources */ = {isa = PBXBuildFile; fileRef = 8614F8542F744A3B00ECF6D7 /* Main.html */; };
		8614F8582F744A3B00ECF6D7 /* Icon.png in Resources */ = {isa = PBXBuildFile; fileRef = 8614F8572F744A3B00ECF6D7 /* Icon.png */; };
		8614F85A2F744A3B00ECF6D7 /* Style.css in Resources */ = {isa = PBXBuildFile; fileRef = 8614F8592F744A3B00ECF6D7 /* Style.css */; };
		8614F85C2F744A3B00ECF6D7 /* Script.js in Resources */ = {isa = PBXBuildFile; fileRef = 8614F85B2F744A3B00ECF6D7 /* Script.js */; };
		8614F85E2F744A3B00ECF6D7 /* ViewController.swift in Sources */ = {isa = PBXBuildFile; fileRef = 8614F85D2F744A3B00ECF6D7 /* ViewController.swift */; };
		8614F8612F744A3B00ECF6D7 /* Main.storyboard in Resources */ = {isa = PBXBuildFile; fileRef = 8614F85F2F744A3B00ECF6D7 /* Main.storyboard */; };
		8614F8632F744A3D00ECF6D7 /* Assets.xcassets in Resources */ = {isa = PBXBuildFile; fileRef = 8614F8622F744A3D00ECF6D7 /* Assets.xcassets */; };
		8614F86A2F744A3D00ECF6D7 /* Udemy Media Keys Extension.appex in Embed Foundation Extensions */ = {isa = PBXBuildFile; fileRef = 8614F8692F744A3D00ECF6D7 /* Udemy Media Keys Extension.appex */; settings = {ATTRIBUTES = (RemoveHeadersOnCopy, ); }; };
		8614F86F2F744A3D00ECF6D7 /* SafariWebExtensionHandler.swift in Sources */ = {isa = PBXBuildFile; fileRef = 8614F86E2F744A3D00ECF6D7 /* SafariWebExtensionHandler.swift */; };
		8614F87E2F744A3D00ECF6D7 /* images in Resources */ = {isa = PBXBuildFile; fileRef = 8614F87B2F744A3D00ECF6D7 /* images */; };
		8614F87F2F744A3D00ECF6D7 /* manifest.json in Resources */ = {isa = PBXBuildFile; fileRef = 8614F87C2F744A3D00ECF6D7 /* manifest.json */; };
		8614F8802F744A3D00ECF6D7 /* content.js in Resources */ = {isa = PBXBuildFile; fileRef = 8614F87D2F744A3D00ECF6D7 /* content.js */; };
/* End PBXBuildFile section */

/* Begin PBXContainerItemProxy section */
		8614F86B2F744A3D00ECF6D7 /* PBXContainerItemProxy */ = {
			isa = PBXContainerItemProxy;
			containerPortal = 8614F8462F744A3B00ECF6D7 /* Project object */;
			proxyType = 1;
			remoteGlobalIDString = 8614F8682F744A3D00ECF6D7;
			remoteInfo = "Udemy Media Keys Extension";
		};
/* End PBXContainerItemProxy section */

/* Begin PBXCopyFilesBuildPhase section */
		8614F8762F744A3D00ECF6D7 /* Embed Foundation Extensions */ = {
			isa = PBXCopyFilesBuildPhase;
			buildActionMask = 2147483647;
			dstPath = "";
			dstSubfolderSpec = 13;
			files = (
				8614F86A2F744A3D00ECF6D7 /* Udemy Media Keys Extension.appex in Embed Foundation Extensions */,
			);
			name = "Embed Foundation Extensions";
			runOnlyForDeploymentPostprocessing = 0;
		};
/* End PBXCopyFilesBuildPhase section */

/* Begin PBXFileReference section */
		8614F84E2F744A3B00ECF6D7 /* Udemy Media Keys.app */ = {isa = PBXFileReference; explicitFileType = wrapper.application; includeInIndex = 0; path = "Udemy Media Keys.app"; sourceTree = BUILT_PRODUCTS_DIR; };
		8614F8512F744A3B00ECF6D7 /* AppDelegate.swift */ = {isa = PBXFileReference; lastKnownFileType = sourcecode.swift; path = AppDelegate.swift; sourceTree = "<group>"; };
		8614F8552F744A3B00ECF6D7 /* Base */ = {isa = PBXFileReference; lastKnownFileType = text.html; name = Base; path = Base.lproj/Main.html; sourceTree = "<group>"; };
		8614F8572F744A3B00ECF6D7 /* Icon.png */ = {isa = PBXFileReference; lastKnownFileType = image.png; path = Icon.png; sourceTree = "<group>"; };
		8614F8592F744A3B00ECF6D7 /* Style.css */ = {isa = PBXFileReference; lastKnownFileType = text.css; path = Style.css; sourceTree = "<group>"; };
		8614F85B2F744A3B00ECF6D7 /* Script.js */ = {isa = PBXFileReference; lastKnownFileType = sourcecode.javascript; path = Script.js; sourceTree = "<group>"; };
		8614F85D2F744A3B00ECF6D7 /* ViewController.swift */ = {isa = PBXFileReference; lastKnownFileType = sourcecode.swift; path = ViewController.swift; sourceTree = "<group>"; };
		8614F8602F744A3B00ECF6D7 /* Base */ = {isa = PBXFileReference; lastKnownFileType = file.storyboard; name = Base; path = Base.lproj/Main.storyboard; sourceTree = "<group>"; };
		8614F8622F744A3D00ECF6D7 /* Assets.xcassets */ = {isa = PBXFileReference; lastKnownFileType = folder.assetcatalog; path = Assets.xcassets; sourceTree = "<group>"; };
		8614F8642F744A3D00ECF6D7 /* Info.plist */ = {isa = PBXFileReference; lastKnownFileType = text.plist.xml; path = Info.plist; sourceTree = "<group>"; };
		8614F8692F744A3D00ECF6D7 /* Udemy Media Keys Extension.appex */ = {isa = PBXFileReference; explicitFileType = "wrapper.app-extension"; includeInIndex = 0; path = "Udemy Media Keys Extension.appex"; sourceTree = BUILT_PRODUCTS_DIR; };
		8614F86E2F744A3D00ECF6D7 /* SafariWebExtensionHandler.swift */ = {isa = PBXFileReference; lastKnownFileType = sourcecode.swift; path = SafariWebExtensionHandler.swift; sourceTree = "<group>"; };
		8614F8702F744A3D00ECF6D7 /* Info.plist */ = {isa = PBXFileReference; lastKnownFileType = text.plist.xml; path = Info.plist; sourceTree = "<group>"; };
		8614F87B2F744A3D00ECF6D7 /* images */ = {isa = PBXFileReference; lastKnownFileType = folder; name = images; path = Resources/images; sourceTree = "<group>"; };
		8614F87C2F744A3D00ECF6D7 /* manifest.json */ = {isa = PBXFileReference; lastKnownFileType = text.json; name = manifest.json; path = Resources/manifest.json; sourceTree = "<group>"; };
		8614F87D2F744A3D00ECF6D7 /* content.js */ = {isa = PBXFileReference; lastKnownFileType = sourcecode.javascript; name = content.js; path = Resources/content.js; sourceTree = "<group>"; };
/* End PBXFileReference section */

/* Begin PBXFrameworksBuildPhase section */
		8614F84B2F744A3B00ECF6D7 /* Frameworks */ = {
			isa = PBXFrameworksBuildPhase;
			buildActionMask = 2147483647;
			files = (
			);
			runOnlyForDeploymentPostprocessing = 0;
		};
		8614F8662F744A3D00ECF6D7 /* Frameworks */ = {
			isa = PBXFrameworksBuildPhase;
			buildActionMask = 2147483647;
			files = (
			);
			runOnlyForDeploymentPostprocessing = 0;
		};
/* End PBXFrameworksBuildPhase section */

/* Begin PBXGroup section */
		8614F8452F744A3B00ECF6D7 = {
			isa = PBXGroup;
			children = (
				8614F8502F744A3B00ECF6D7 /* Udemy Media Keys */,
				8614F86D2F744A3D00ECF6D7 /* Udemy Media Keys Extension */,
				8614F84F2F744A3B00ECF6D7 /* Products */,
			);
			sourceTree = "<group>";
		};
		8614F84F2F744A3B00ECF6D7 /* Products */ = {
			isa = PBXGroup;
			children = (
				8614F84E2F744A3B00ECF6D7 /* Udemy Media Keys.app */,
				8614F8692F744A3D00ECF6D7 /* Udemy Media Keys Extension.appex */,
			);
			name = Products;
			sourceTree = "<group>";
		};
		8614F8502F744A3B00ECF6D7 /* Udemy Media Keys */ = {
			isa = PBXGroup;
			children = (
				8614F8512F744A3B00ECF6D7 /* AppDelegate.swift */,
				8614F85D2F744A3B00ECF6D7 /* ViewController.swift */,
				8614F85F2F744A3B00ECF6D7 /* Main.storyboard */,
				8614F8622F744A3D00ECF6D7 /* Assets.xcassets */,
				8614F8642F744A3D00ECF6D7 /* Info.plist */,
				8614F8532F744A3B00ECF6D7 /* Resources */,
			);
			path = "Udemy Media Keys";
			sourceTree = "<group>";
		};
		8614F8532F744A3B00ECF6D7 /* Resources */ = {
			isa = PBXGroup;
			children = (
				8614F8542F744A3B00ECF6D7 /* Main.html */,
				8614F8572F744A3B00ECF6D7 /* Icon.png */,
				8614F8592F744A3B00ECF6D7 /* Style.css */,
				8614F85B2F744A3B00ECF6D7 /* Script.js */,
			);
			path = Resources;
			sourceTree = "<group>";
		};
		8614F86D2F744A3D00ECF6D7 /* Udemy Media Keys Extension */ = {
			isa = PBXGroup;
			children = (
				8614F87A2F744A3D00ECF6D7 /* Resources */,
				8614F86E2F744A3D00ECF6D7 /* SafariWebExtensionHandler.swift */,
				8614F8702F744A3D00ECF6D7 /* Info.plist */,
			);
			path = "Udemy Media Keys Extension";
			sourceTree = "<group>";
		};
		8614F87A2F744A3D00ECF6D7 /* Resources */ = {
			isa = PBXGroup;
			children = (
				8614F87B2F744A3D00ECF6D7 /* images */,
				8614F87C2F744A3D00ECF6D7 /* manifest.json */,
				8614F87D2F744A3D00ECF6D7 /* content.js */,
			);
			name = Resources;
			path = "Udemy Media Keys Extension";
			sourceTree = SOURCE_ROOT;
		};
/* End PBXGroup section */

/* Begin PBXNativeTarget section */
		8614F84D2F744A3B00ECF6D7 /* Udemy Media Keys */ = {
			isa = PBXNativeTarget;
			buildConfigurationList = 8614F8772F744A3D00ECF6D7 /* Build configuration list for PBXNativeTarget "Udemy Media Keys" */;
			buildPhases = (
				8614F84A2F744A3B00ECF6D7 /* Sources */,
				8614F84B2F744A3B00ECF6D7 /* Frameworks */,
				8614F84C2F744A3B00ECF6D7 /* Resources */,
				8614F8762F744A3D00ECF6D7 /* Embed Foundation Extensions */,
			);
			buildRules = (
			);
			dependencies = (
				8614F86C2F744A3D00ECF6D7 /* PBXTargetDependency */,
			);
			name = "Udemy Media Keys";
			packageProductDependencies = (
			);
			productName = "Udemy Media Keys";
			productReference = 8614F84E2F744A3B00ECF6D7 /* Udemy Media Keys.app */;
			productType = "com.apple.product-type.application";
		};
		8614F8682F744A3D00ECF6D7 /* Udemy Media Keys Extension */ = {
			isa = PBXNativeTarget;
			buildConfigurationList = 8614F8732F744A3D00ECF6D7 /* Build configuration list for PBXNativeTarget "Udemy Media Keys Extension" */;
			buildPhases = (
				8614F8652F744A3D00ECF6D7 /* Sources */,
				8614F8662F744A3D00ECF6D7 /* Frameworks */,
				8614F8672F744A3D00ECF6D7 /* Resources */,
			);
			buildRules = (
			);
			dependencies = (
			);
			name = "Udemy Media Keys Extension";
			packageProductDependencies = (
			);
			productName = "Udemy Media Keys Extension";
			productReference = 8614F8692F744A3D00ECF6D7 /* Udemy Media Keys Extension.appex */;
			productType = "com.apple.product-type.app-extension";
		};
/* End PBXNativeTarget section */

/* Begin PBXProject section */
		8614F8462F744A3B00ECF6D7 /* Project object */ = {
			isa = PBXProject;
			attributes = {
				BuildIndependentTargetsInParallel = 1;
				LastSwiftUpdateCheck = 2600;
				LastUpgradeCheck = 2600;
				TargetAttributes = {
					8614F84D2F744A3B00ECF6D7 = {
						CreatedOnToolsVersion = 26.0;
					};
					8614F8682F744A3D00ECF6D7 = {
						CreatedOnToolsVersion = 26.0;
					};
				};
			};
			buildConfigurationList = 8614F8492F744A3B00ECF6D7 /* Build configuration list for PBXProject "Udemy Media Keys" */;
			developmentRegion = en;
			hasScannedForEncodings = 0;
			knownRegions = (
				en,
				Base,
			);
			mainGroup = 8614F8452F744A3B00ECF6D7;
			minimizedProjectReferenceProxies = 1;
			preferredProjectObjectVersion = 77;
			productRefGroup = 8614F84F2F744A3B00ECF6D7 /* Products */;
			projectDirPath = "";
			projectRoot = "";
			targets = (
				8614F84D2F744A3B00ECF6D7 /* Udemy Media Keys */,
				8614F8682F744A3D00ECF6D7 /* Udemy Media Keys Extension */,
			);
		};
/* End PBXProject section */

/* Begin PBXResourcesBuildPhase section */
		8614F84C2F744A3B00ECF6D7 /* Resources */ = {
			isa = PBXResourcesBuildPhase;
			buildActionMask = 2147483647;
			files = (
				8614F8582F744A3B00ECF6D7 /* Icon.png in Resources */,
				8614F8612F744A3B00ECF6D7 /* Main.storyboard in Resources */,
				8614F85C2F744A3B00ECF6D7 /* Script.js in Resources */,
				8614F8562F744A3B00ECF6D7 /* Main.html in Resources */,
				8614F8632F744A3D00ECF6D7 /* Assets.xcassets in Resources */,
				8614F85A2F744A3B00ECF6D7 /* Style.css in Resources */,
			);
			runOnlyForDeploymentPostprocessing = 0;
		};
		8614F8672F744A3D00ECF6D7 /* Resources */ = {
			isa = PBXResourcesBuildPhase;
			buildActionMask = 2147483647;
			files = (
				8614F8802F744A3D00ECF6D7 /* content.js in Resources */,
				8614F87F2F744A3D00ECF6D7 /* manifest.json in Resources */,
				8614F87E2F744A3D00ECF6D7 /* images in Resources */,
			);
			runOnlyForDeploymentPostprocessing = 0;
		};
/* End PBXResourcesBuildPhase section */

/* Begin PBXSourcesBuildPhase section */
		8614F84A2F744A3B00ECF6D7 /* Sources */ = {
			isa = PBXSourcesBuildPhase;
			buildActionMask = 2147483647;
			files = (
				8614F85E2F744A3B00ECF6D7 /* ViewController.swift in Sources */,
				8614F8522F744A3B00ECF6D7 /* AppDelegate.swift in Sources */,
			);
			runOnlyForDeploymentPostprocessing = 0;
		};
		8614F8652F744A3D00ECF6D7 /* Sources */ = {
			isa = PBXSourcesBuildPhase;
			buildActionMask = 2147483647;
			files = (
				8614F86F2F744A3D00ECF6D7 /* SafariWebExtensionHandler.swift in Sources */,
			);
			runOnlyForDeploymentPostprocessing = 0;
		};
/* End PBXSourcesBuildPhase section */

/* Begin PBXTargetDependency section */
		8614F86C2F744A3D00ECF6D7 /* PBXTargetDependency */ = {
			isa = PBXTargetDependency;
			target = 8614F8682F744A3D00ECF6D7 /* Udemy Media Keys Extension */;
			targetProxy = 8614F86B2F744A3D00ECF6D7 /* PBXContainerItemProxy */;
		};
/* End PBXTargetDependency section */

/* Begin PBXVariantGroup section */
		8614F8542F744A3B00ECF6D7 /* Main.html */ = {
			isa = PBXVariantGroup;
			children = (
				8614F8552F744A3B00ECF6D7 /* Base */,
			);
			name = Main.html;
			sourceTree = "<group>";
		};
		8614F85F2F744A3B00ECF6D7 /* Main.storyboard */ = {
			isa = PBXVariantGroup;
			children = (
				8614F8602F744A3B00ECF6D7 /* Base */,
			);
			name = Main.storyboard;
			sourceTree = "<group>";
		};
/* End PBXVariantGroup section */

/* Begin XCBuildConfiguration section */
		8614F8712F744A3D00ECF6D7 /* Debug */ = {
			isa = XCBuildConfiguration;
			buildSettings = {
				ALWAYS_SEARCH_USER_PATHS = NO;
				ASSETCATALOG_COMPILER_GENERATE_SWIFT_ASSET_SYMBOL_EXTENSIONS = YES;
				CLANG_ANALYZER_NONNULL = YES;
				CLANG_ANALYZER_NUMBER_OBJECT_CONVERSION = YES_AGGRESSIVE;
				CLANG_CXX_LANGUAGE_STANDARD = "gnu++20";
				CLANG_ENABLE_MODULES = YES;
				CLANG_ENABLE_OBJC_ARC = YES;
				CLANG_ENABLE_OBJC_WEAK = YES;
				CLANG_WARN_BLOCK_CAPTURE_AUTORELEASING = YES;
				CLANG_WARN_BOOL_CONVERSION = YES;
				CLANG_WARN_COMMA = YES;
				CLANG_WARN_CONSTANT_CONVERSION = YES;
				CLANG_WARN_DEPRECATED_OBJC_IMPLEMENTATIONS = YES;
				CLANG_WARN_DIRECT_OBJC_ISA_USAGE = YES_ERROR;
				CLANG_WARN_DOCUMENTATION_COMMENTS = YES;
				CLANG_WARN_EMPTY_BODY = YES;
				CLANG_WARN_ENUM_CONVERSION = YES;
				CLANG_WARN_INFINITE_RECURSION = YES;
				CLANG_WARN_INT_CONVERSION = YES;
				CLANG_WARN_NON_LITERAL_NULL_CONVERSION = YES;
				CLANG_WARN_OBJC_IMPLICIT_RETAIN_SELF = YES;
				CLANG_WARN_OBJC_LITERAL_CONVERSION = YES;
				CLANG_WARN_OBJC_ROOT_CLASS = YES_ERROR;
				CLANG_WARN_QUOTED_INCLUDE_IN_FRAMEWORK_HEADER = YES;
				CLANG_WARN_RANGE_LOOP_ANALYSIS = YES;
				CLANG_WARN_STRICT_PROTOTYPES = YES;
				CLANG_WARN_SUSPICIOUS_MOVE = YES;
				CLANG_WARN_UNGUARDED_AVAILABILITY = YES_AGGRESSIVE;
				CLANG_WARN_UNREACHABLE_CODE = YES;
				CLANG_WARN__DUPLICATE_METHOD_MATCH = YES;
				COPY_PHASE_STRIP = NO;
				DEBUG_INFORMATION_FORMAT = dwarf;
				ENABLE_STRICT_OBJC_MSGSEND = YES;
				ENABLE_TESTABILITY = YES;
				ENABLE_USER_SCRIPT_SANDBOXING = YES;
				GCC_C_LANGUAGE_STANDARD = gnu17;
				GCC_DYNAMIC_NO_PIC = NO;
				GCC_NO_COMMON_BLOCKS = YES;
				GCC_OPTIMIZATION_LEVEL = 0;
				GCC_PREPROCESSOR_DEFINITIONS = (
					"DEBUG=1",
					"$(inherited)",
				);
				GCC_WARN_64_TO_32_BIT_CONVERSION = YES;
				GCC_WARN_ABOUT_RETURN_TYPE = YES_ERROR;
				GCC_WARN_UNDECLARED_SELECTOR = YES;
				GCC_WARN_UNINITIALIZED_AUTOS = YES_AGGRESSIVE;
				GCC_WARN_UNUSED_FUNCTION = YES;
				GCC_WARN_UNUSED_VARIABLE = YES;
				LOCALIZATION_PREFERS_STRING_CATALOGS = YES;
				MACOSX_DEPLOYMENT_TARGET = 26.0;
				MTL_ENABLE_DEBUG_INFO = INCLUDE_SOURCE;
				MTL_FAST_MATH = YES;
				ONLY_ACTIVE_ARCH = YES;
				SDKROOT = macosx;
				SWIFT_ACTIVE_COMPILATION_CONDITIONS = "DEBUG $(inherited)";
				SWIFT_OPTIMIZATION_LEVEL = "-Onone";
			};
			name = Debug;
		};
		8614F8722F744A3D00ECF6D7 /* Release */ = {
			isa = XCBuildConfiguration;
			buildSettings = {
				ALWAYS_SEARCH_USER_PATHS = NO;
				ASSETCATALOG_COMPILER_GENERATE_SWIFT_ASSET_SYMBOL_EXTENSIONS = YES;
				CLANG_ANALYZER_NONNULL = YES;
				CLANG_ANALYZER_NUMBER_OBJECT_CONVERSION = YES_AGGRESSIVE;
				CLANG_CXX_LANGUAGE_STANDARD = "gnu++20";
				CLANG_ENABLE_MODULES = YES;
				CLANG_ENABLE_OBJC_ARC = YES;
				CLANG_ENABLE_OBJC_WEAK = YES;
				CLANG_WARN_BLOCK_CAPTURE_AUTORELEASING = YES;
				CLANG_WARN_BOOL_CONVERSION = YES;
				CLANG_WARN_COMMA = YES;
				CLANG_WARN_CONSTANT_CONVERSION = YES;
				CLANG_WARN_DEPRECATED_OBJC_IMPLEMENTATIONS = YES;
				CLANG_WARN_DIRECT_OBJC_ISA_USAGE = YES_ERROR;
				CLANG_WARN_DOCUMENTATION_COMMENTS = YES;
				CLANG_WARN_EMPTY_BODY = YES;
				CLANG_WARN_ENUM_CONVERSION = YES;
				CLANG_WARN_INFINITE_RECURSION = YES;
				CLANG_WARN_INT_CONVERSION = YES;
				CLANG_WARN_NON_LITERAL_NULL_CONVERSION = YES;
				CLANG_WARN_OBJC_IMPLICIT_RETAIN_SELF = YES;
				CLANG_WARN_OBJC_LITERAL_CONVERSION = YES;
				CLANG_WARN_OBJC_ROOT_CLASS = YES_ERROR;
				CLANG_WARN_QUOTED_INCLUDE_IN_FRAMEWORK_HEADER = YES;
				CLANG_WARN_RANGE_LOOP_ANALYSIS = YES;
				CLANG_WARN_STRICT_PROTOTYPES = YES;
				CLANG_WARN_SUSPICIOUS_MOVE = YES;
				CLANG_WARN_UNGUARDED_AVAILABILITY = YES_AGGRESSIVE;
				CLANG_WARN_UNREACHABLE_CODE = YES;
				CLANG_WARN__DUPLICATE_METHOD_MATCH = YES;
				COPY_PHASE_STRIP = NO;
				DEBUG_INFORMATION_FORMAT = "dwarf-with-dsym";
				ENABLE_NS_ASSERTIONS = NO;
				ENABLE_STRICT_OBJC_MSGSEND = YES;
				ENABLE_USER_SCRIPT_SANDBOXING = YES;
				GCC_C_LANGUAGE_STANDARD = gnu17;
				GCC_NO_COMMON_BLOCKS = YES;
				GCC_WARN_64_TO_32_BIT_CONVERSION = YES;
				GCC_WARN_ABOUT_RETURN_TYPE = YES_ERROR;
				GCC_WARN_UNDECLARED_SELECTOR = YES;
				GCC_WARN_UNINITIALIZED_AUTOS = YES_AGGRESSIVE;
				GCC_WARN_UNUSED_FUNCTION = YES;
				GCC_WARN_UNUSED_VARIABLE = YES;
				LOCALIZATION_PREFERS_STRING_CATALOGS = YES;
				MACOSX_DEPLOYMENT_TARGET = 26.0;
				MTL_ENABLE_DEBUG_INFO = NO;
				MTL_FAST_MATH = YES;
				SDKROOT = macosx;
				SWIFT_COMPILATION_MODE = wholemodule;
			};
			name = Release;
		};
		8614F8742F744A3D00ECF6D7 /* Debug */ = {
			isa = XCBuildConfiguration;
			buildSettings = {
				CODE_SIGN_STYLE = Automatic;
				CURRENT_PROJECT_VERSION = 1;
				DEVELOPMENT_TEAM = Q4KLCV6FWF;
				ENABLE_APP_SANDBOX = YES;
				ENABLE_HARDENED_RUNTIME = YES;
				ENABLE_USER_SELECTED_FILES = readonly;
				GENERATE_INFOPLIST_FILE = YES;
				INFOPLIST_FILE = "Udemy Media Keys Extension/Info.plist";
				INFOPLIST_KEY_CFBundleDisplayName = "Udemy Media Keys Extension";
				INFOPLIST_KEY_NSHumanReadableCopyright = "";
				LD_RUNPATH_SEARCH_PATHS = (
					"$(inherited)",
					"@executable_path/../Frameworks",
					"@executable_path/../../../../Frameworks",
				);
				MACOSX_DEPLOYMENT_TARGET = 10.14;
				MARKETING_VERSION = 1.0;
				OTHER_LDFLAGS = (
					"-framework",
					SafariServices,
				);
				PRODUCT_BUNDLE_IDENTIFIER = "com.sainikhilvarada.Udemy-Media-Keys.Extension";
				PRODUCT_NAME = "$(TARGET_NAME)";
				SKIP_INSTALL = YES;
				STRING_CATALOG_GENERATE_SYMBOLS = YES;
				SWIFT_APPROACHABLE_CONCURRENCY = YES;
				SWIFT_EMIT_LOC_STRINGS = YES;
				SWIFT_UPCOMING_FEATURE_MEMBER_IMPORT_VISIBILITY = YES;
				SWIFT_VERSION = 5.0;
			};
			name = Debug;
		};
		8614F8752F744A3D00ECF6D7 /* Release */ = {
			isa = XCBuildConfiguration;
			buildSettings = {
				CODE_SIGN_STYLE = Automatic;
				CURRENT_PROJECT_VERSION = 1;
				DEVELOPMENT_TEAM = Q4KLCV6FWF;
				ENABLE_APP_SANDBOX = YES;
				ENABLE_HARDENED_RUNTIME = YES;
				ENABLE_USER_SELECTED_FILES = readonly;
				GENERATE_INFOPLIST_FILE = YES;
				INFOPLIST_FILE = "Udemy Media Keys Extension/Info.plist";
				INFOPLIST_KEY_CFBundleDisplayName = "Udemy Media Keys Extension";
				INFOPLIST_KEY_NSHumanReadableCopyright = "";
				LD_RUNPATH_SEARCH_PATHS = (
					"$(inherited)",
					"@executable_path/../Frameworks",
					"@executable_path/../../../../Frameworks",
				);
				MACOSX_DEPLOYMENT_TARGET = 10.14;
				MARKETING_VERSION = 1.0;
				OTHER_LDFLAGS = (
					"-framework",
					SafariServices,
				);
				PRODUCT_BUNDLE_IDENTIFIER = "com.sainikhilvarada.Udemy-Media-Keys.Extension";
				PRODUCT_NAME = "$(TARGET_NAME)";
				SKIP_INSTALL = YES;
				STRING_CATALOG_GENERATE_SYMBOLS = YES;
				SWIFT_APPROACHABLE_CONCURRENCY = YES;
				SWIFT_EMIT_LOC_STRINGS = YES;
				SWIFT_UPCOMING_FEATURE_MEMBER_IMPORT_VISIBILITY = YES;
				SWIFT_VERSION = 5.0;
			};
			name = Release;
		};
		8614F8782F744A3D00ECF6D7 /* Debug */ = {
			isa = XCBuildConfiguration;
			buildSettings = {
				ASSETCATALOG_COMPILER_APPICON_NAME = AppIcon;
				ASSETCATALOG_COMPILER_GLOBAL_ACCENT_COLOR_NAME = AccentColor;
				"CODE_SIGN_IDENTITY[sdk=macosx*]" = "Apple Development";
				CODE_SIGN_STYLE = Automatic;
				COMBINE_HIDPI_IMAGES = YES;
				CURRENT_PROJECT_VERSION = 1;
				DEVELOPMENT_TEAM = Q4KLCV6FWF;
				ENABLE_APP_SANDBOX = YES;
				ENABLE_HARDENED_RUNTIME = YES;
				ENABLE_OUTGOING_NETWORK_CONNECTIONS = YES;
				ENABLE_USER_SELECTED_FILES = readonly;
				GENERATE_INFOPLIST_FILE = YES;
				INFOPLIST_FILE = "Udemy Media Keys/Info.plist";
				INFOPLIST_KEY_CFBundleDisplayName = "Udemy Media Keys";
				INFOPLIST_KEY_NSHumanReadableCopyright = "";
				INFOPLIST_KEY_NSMainStoryboardFile = Main;
				INFOPLIST_KEY_NSPrincipalClass = NSApplication;
				LD_RUNPATH_SEARCH_PATHS = (
					"$(inherited)",
					"@executable_path/../Frameworks",
				);
				MARKETING_VERSION = 1.0;
				OTHER_LDFLAGS = (
					"-framework",
					SafariServices,
					"-framework",
					WebKit,
				);
				PRODUCT_BUNDLE_IDENTIFIER = "com.sainikhilvarada.Udemy-Media-Keys";
				PRODUCT_NAME = "$(TARGET_NAME)";
				REGISTER_APP_GROUPS = YES;
				STRING_CATALOG_GENERATE_SYMBOLS = YES;
				SWIFT_APPROACHABLE_CONCURRENCY = YES;
				SWIFT_DEFAULT_ACTOR_ISOLATION = MainActor;
				SWIFT_EMIT_LOC_STRINGS = YES;
				SWIFT_UPCOMING_FEATURE_MEMBER_IMPORT_VISIBILITY = YES;
				SWIFT_VERSION = 5.0;
			};
			name = Debug;
		};
		8614F8792F744A3D00ECF6D7 /* Release */ = {
			isa = XCBuildConfiguration;
			buildSettings = {
				ASSETCATALOG_COMPILER_APPICON_NAME = AppIcon;
				ASSETCATALOG_COMPILER_GLOBAL_ACCENT_COLOR_NAME = AccentColor;
				"CODE_SIGN_IDENTITY[sdk=macosx*]" = "Apple Development";
				CODE_SIGN_STYLE = Automatic;
				COMBINE_HIDPI_IMAGES = YES;
				CURRENT_PROJECT_VERSION = 1;
				DEVELOPMENT_TEAM = Q4KLCV6FWF;
				ENABLE_APP_SANDBOX = YES;
				ENABLE_HARDENED_RUNTIME = YES;
				ENABLE_OUTGOING_NETWORK_CONNECTIONS = YES;
				ENABLE_USER_SELECTED_FILES = readonly;
				GENERATE_INFOPLIST_FILE = YES;
				INFOPLIST_FILE = "Udemy Media Keys/Info.plist";
				INFOPLIST_KEY_CFBundleDisplayName = "Udemy Media Keys";
				INFOPLIST_KEY_NSHumanReadableCopyright = "";
				INFOPLIST_KEY_NSMainStoryboardFile = Main;
				INFOPLIST_KEY_NSPrincipalClass = NSApplication;
				LD_RUNPATH_SEARCH_PATHS = (
					"$(inherited)",
					"@executable_path/../Frameworks",
				);
				MARKETING_VERSION = 1.0;
				OTHER_LDFLAGS = (
					"-framework",
					SafariServices,
					"-framework",
					WebKit,
				);
				PRODUCT_BUNDLE_IDENTIFIER = "com.sainikhilvarada.Udemy-Media-Keys";
				PRODUCT_NAME = "$(TARGET_NAME)";
				REGISTER_APP_GROUPS = YES;
				STRING_CATALOG_GENERATE_SYMBOLS = YES;
				SWIFT_APPROACHABLE_CONCURRENCY = YES;
				SWIFT_DEFAULT_ACTOR_ISOLATION = MainActor;
				SWIFT_EMIT_LOC_STRINGS = YES;
				SWIFT_UPCOMING_FEATURE_MEMBER_IMPORT_VISIBILITY = YES;
				SWIFT_VERSION = 5.0;
			};
			name = Release;
		};
/* End XCBuildConfiguration section */

/* Begin XCConfigurationList section */
		8614F8492F744A3B00ECF6D7 /* Build configuration list for PBXProject "Udemy Media Keys" */ = {
			isa = XCConfigurationList;
			buildConfigurations = (
				8614F8712F744A3D00ECF6D7 /* Debug */,
				8614F8722F744A3D00ECF6D7 /* Release */,
			);
			defaultConfigurationIsVisible = 0;
			defaultConfigurationName = Release;
		};
		8614F8732F744A3D00ECF6D7 /* Build configuration list for PBXNativeTarget "Udemy Media Keys Extension" */ = {
			isa = XCConfigurationList;
			buildConfigurations = (
				8614F8742F744A3D00ECF6D7 /* Debug */,
				8614F8752F744A3D00ECF6D7 /* Release */,
			);
			defaultConfigurationIsVisible = 0;
			defaultConfigurationName = Release;
		};
		8614F8772F744A3D00ECF6D7 /* Build configuration list for PBXNativeTarget "Udemy Media Keys" */ = {
			isa = XCConfigurationList;
			buildConfigurations = (
				8614F8782F744A3D00ECF6D7 /* Debug */,
				8614F8792F744A3D00ECF6D7 /* Release */,
			);
			defaultConfigurationIsVisible = 0;
			defaultConfigurationName = Release;
		};
/* End XCConfigurationList section */
	};
	rootObject = 8614F8462F744A3B00ECF6D7 /* Project object */;
}
